
Microsoft Visual Studio Solution File, Format Version 12.00
# Visual Studio Version 17
VisualStudioVersion = 17.9.34616.47
MinimumVisualStudioVersion = 10.0.40219.1
Project("{FAE04EC0-301F-11D3-BF4B-00C04F79EFBC}") = "ConsoleApp.Start", "ConsoleApp.Start\ConsoleApp.Start.csproj", "{AEAADB93-E454-4575-AE9E-9170E9BDB317}"
EndProject
Global
	GlobalSection(SolutionConfigurationPlatforms) = preSolution
		Debug|Any CPU = Debug|Any CPU
		Release|Any CPU = Release|Any CPU
	EndGlobalSection
	GlobalSection(ProjectConfigurationPlatforms) = postSolution
		{AEAADB93-E454-4575-AE9E-9170E9BDB317}.Debug|Any CPU.ActiveCfg = Debug|Any CPU
		{AEAADB93-E454-4575-AE9E-9170E9BDB317}.Debug|Any CPU.Build.0 = Debug|Any CPU
		{AEAADB93-E454-4575-AE9E-9170E9BDB317}.Release|Any CPU.ActiveCfg = Release|Any CPU
		{AEAADB93-E454-4575-AE9E-9170E9BDB317}.Release|Any CPU.Build.0 = Release|Any CPU
	EndGlobalSection
	GlobalSection(SolutionProperties) = preSolution
		HideSolutionNode = FALSE
	EndGlobalSection
	GlobalSection(ExtensibilityGlobals) = postSolution
		SolutionGuid = {65E5D399-ADB2-4F81-84C6-CAA61B06AAA1}
	EndGlobalSection
EndGlobal
