
Microsoft Visual Studio Solution File, Format Version 12.00
# Visual Studio Version 17
VisualStudioVersion = 17.9.34714.143
MinimumVisualStudioVersion = 10.0.40219.1
Project("{FAE04EC0-301F-11D3-BF4B-00C04F79EFBC}") = "CodeFirstRestLogger", "CodeFirstRestLogger\CodeFirstRestLogger.csproj", "{02E2E307-FA43-41CC-B0E3-2742F981906F}"
EndProject
Global
	GlobalSection(SolutionConfigurationPlatforms) = preSolution
		Debug|Any CPU = Debug|Any CPU
		Release|Any CPU = Release|Any CPU
	EndGlobalSection
	GlobalSection(ProjectConfigurationPlatforms) = postSolution
		{02E2E307-FA43-41CC-B0E3-2742F981906F}.Debug|Any CPU.ActiveCfg = Debug|Any CPU
		{02E2E307-FA43-41CC-B0E3-2742F981906F}.Debug|Any CPU.Build.0 = Debug|Any CPU
		{02E2E307-FA43-41CC-B0E3-2742F981906F}.Release|Any CPU.ActiveCfg = Release|Any CPU
		{02E2E307-FA43-41CC-B0E3-2742F981906F}.Release|Any CPU.Build.0 = Release|Any CPU
	EndGlobalSection
	GlobalSection(SolutionProperties) = preSolution
		HideSolutionNode = FALSE
	EndGlobalSection
	GlobalSection(ExtensibilityGlobals) = postSolution
		SolutionGuid = {C9C1E500-6499-4337-9FCB-E06266D8CD20}
	EndGlobalSection
EndGlobal
