
Microsoft Visual Studio Solution File, Format Version 12.00
# Visual Studio Version 17
VisualStudioVersion = 17.9.34714.143
MinimumVisualStudioVersion = 10.0.40219.1
Project("{FAE04EC0-301F-11D3-BF4B-00C04F79EFBC}") = "dataBaseLogger", "dataBaseLogger\dataBaseLogger.csproj", "{042F022E-1CBB-4E28-9F22-F5FDDBA01EC2}"
EndProject
Global
	GlobalSection(SolutionConfigurationPlatforms) = preSolution
		Debug|Any CPU = Debug|Any CPU
		Release|Any CPU = Release|Any CPU
	EndGlobalSection
	GlobalSection(ProjectConfigurationPlatforms) = postSolution
		{042F022E-1CBB-4E28-9F22-F5FDDBA01EC2}.Debug|Any CPU.ActiveCfg = Debug|Any CPU
		{042F022E-1CBB-4E28-9F22-F5FDDBA01EC2}.Debug|Any CPU.Build.0 = Debug|Any CPU
		{042F022E-1CBB-4E28-9F22-F5FDDBA01EC2}.Release|Any CPU.ActiveCfg = Release|Any CPU
		{042F022E-1CBB-4E28-9F22-F5FDDBA01EC2}.Release|Any CPU.Build.0 = Release|Any CPU
	EndGlobalSection
	GlobalSection(SolutionProperties) = preSolution
		HideSolutionNode = FALSE
	EndGlobalSection
	GlobalSection(ExtensibilityGlobals) = postSolution
		SolutionGuid = {7C7BB58F-E4B9-4341-A21B-5EF118E0907D}
	EndGlobalSection
EndGlobal
